
Microsoft Visual Studio Solution File, Format Version 12.00
# Visual Studio Version 17
VisualStudioVersion = 17.10.34928.147
MinimumVisualStudioVersion = 10.0.40219.1
Project("{FAE04EC0-301F-11D3-BF4B-00C04F79EFBC}") = "Member management", "Member management\Member management.csproj", "{439FA205-855B-4981-A8DE-FDFF4073ACE3}"
EndProject
Global
	GlobalSection(SolutionConfigurationPlatforms) = preSolution
		Debug|Any CPU = Debug|Any CPU
		Release|Any CPU = Release|Any CPU
	EndGlobalSection
	GlobalSection(ProjectConfigurationPlatforms) = postSolution
		{439FA205-855B-4981-A8DE-FDFF4073ACE3}.Debug|Any CPU.ActiveCfg = Debug|Any CPU
		{439FA205-855B-4981-A8DE-FDFF4073ACE3}.Debug|Any CPU.Build.0 = Debug|Any CPU
		{439FA205-855B-4981-A8DE-FDFF4073ACE3}.Release|Any CPU.ActiveCfg = Release|Any CPU
		{439FA205-855B-4981-A8DE-FDFF4073ACE3}.Release|Any CPU.Build.0 = Release|Any CPU
	EndGlobalSection
	GlobalSection(SolutionProperties) = preSolution
		HideSolutionNode = FALSE
	EndGlobalSection
	GlobalSection(ExtensibilityGlobals) = postSolution
		SolutionGuid = {902BDE34-10A8-440B-8617-2E62D66AEBF4}
	EndGlobalSection
EndGlobal
